
Microsoft Visual Studio Solution File, Format Version 12.00
# Visual Studio 15
VisualStudioVersion = 15.0.27428.2015
MinimumVisualStudioVersion = 10.0.40219.1
Project("{FAE04EC0-301F-11D3-BF4B-00C04F79EFBC}") = "Amortizacion", "Amortizacion\Amortizacion.csproj", "{EC2C350D-C3D3-4889-B4EF-BA833114D2A5}"
EndProject
Project("{FAE04EC0-301F-11D3-BF4B-00C04F79EFBC}") = "MisHerramientas", "MisHerramientas\MisHerramientas.csproj", "{07F7D215-886F-4CDD-BD1A-0EB906B01FD0}"
EndProject
Global
	GlobalSection(SolutionConfigurationPlatforms) = preSolution
		Debug|Any CPU = Debug|Any CPU
		Release|Any CPU = Release|Any CPU
	EndGlobalSection
	GlobalSection(ProjectConfigurationPlatforms) = postSolution
		{EC2C350D-C3D3-4889-B4EF-BA833114D2A5}.Debug|Any CPU.ActiveCfg = Debug|Any CPU
		{EC2C350D-C3D3-4889-B4EF-BA833114D2A5}.Debug|Any CPU.Build.0 = Debug|Any CPU
		{EC2C350D-C3D3-4889-B4EF-BA833114D2A5}.Release|Any CPU.ActiveCfg = Release|Any CPU
		{EC2C350D-C3D3-4889-B4EF-BA833114D2A5}.Release|Any CPU.Build.0 = Release|Any CPU
		{07F7D215-886F-4CDD-BD1A-0EB906B01FD0}.Debug|Any CPU.ActiveCfg = Debug|Any CPU
		{07F7D215-886F-4CDD-BD1A-0EB906B01FD0}.Debug|Any CPU.Build.0 = Debug|Any CPU
		{07F7D215-886F-4CDD-BD1A-0EB906B01FD0}.Release|Any CPU.ActiveCfg = Release|Any CPU
		{07F7D215-886F-4CDD-BD1A-0EB906B01FD0}.Release|Any CPU.Build.0 = Release|Any CPU
	EndGlobalSection
	GlobalSection(SolutionProperties) = preSolution
		HideSolutionNode = FALSE
	EndGlobalSection
	GlobalSection(ExtensibilityGlobals) = postSolution
		SolutionGuid = {BDDBC68E-DEFB-4001-A9AB-199837E07E06}
	EndGlobalSection
EndGlobal
